// !$*UTF8*$!
{
	archiveVersion = 1;
	classes = {
	};
	objectVersion = 51;
	objects = {

/* Begin PBXBuildFile section */
		3B1C60E825AC55C2008BAF90 /* WebViewController.swift in Sources */ = {isa = PBXBuildFile; fileRef = 3B1C60E725AC55C2008BAF90 /* WebViewController.swift */; };
		3B1C60EB25ADE721008BAF90 /* Page2TableViewController.swift in Sources */ = {isa = PBXBuildFile; fileRef = 3B1C60EA25ADE721008BAF90 /* Page2TableViewController.swift */; };
		3B1C60EE25ADE76B008BAF90 /* Page3TableViewController.swift in Sources */ = {isa = PBXBuildFile; fileRef = 3B1C60ED25ADE76B008BAF90 /* Page3TableViewController.swift */; };
		3B1C60F125ADE795008BAF90 /* Page4TableViewController.swift in Sources */ = {isa = PBXBuildFile; fileRef = 3B1C60F025ADE795008BAF90 /* Page4TableViewController.swift */; };
		3B1C60F425ADE7AA008BAF90 /* Page5TableViewController.swift in Sources */ = {isa = PBXBuildFile; fileRef = 3B1C60F325ADE7AA008BAF90 /* Page5TableViewController.swift */; };
		3B1C60F725ADE7FE008BAF90 /* Page6TableViewController.swift in Sources */ = {isa = PBXBuildFile; fileRef = 3B1C60F625ADE7FE008BAF90 /* Page6TableViewController.swift */; };
		3B4C391425A48E0C00175B23 /* start.mov in Resources */ = {isa = PBXBuildFile; fileRef = 3B4C391325A48E0C00175B23 /* start.mov */; };
		3B4C391725A48F9F00175B23 /* BaseViewController.swift in Sources */ = {isa = PBXBuildFile; fileRef = 3B4C391625A48F9F00175B23 /* BaseViewController.swift */; };
		3B7713AC25A042D400638D78 /* AppDelegate.swift in Sources */ = {isa = PBXBuildFile; fileRef = 3B7713AB25A042D400638D78 /* AppDelegate.swift */; };
		3B7713AE25A042D400638D78 /* SceneDelegate.swift in Sources */ = {isa = PBXBuildFile; fileRef = 3B7713AD25A042D400638D78 /* SceneDelegate.swift */; };
		3B7713B325A042D400638D78 /* Main.storyboard in Resources */ = {isa = PBXBuildFile; fileRef = 3B7713B125A042D400638D78 /* Main.storyboard */; };
		3B7713B525A042D700638D78 /* Assets.xcassets in Resources */ = {isa = PBXBuildFile; fileRef = 3B7713B425A042D700638D78 /* Assets.xcassets */; };
		3B7713B825A042D700638D78 /* LaunchScreen.storyboard in Resources */ = {isa = PBXBuildFile; fileRef = 3B7713B625A042D700638D78 /* LaunchScreen.storyboard */; };
		3B7713CA25A0804B00638D78 /* 5.json in Resources */ = {isa = PBXBuildFile; fileRef = 3B7713C525A0804A00638D78 /* 5.json */; };
		3B7713CB25A0804B00638D78 /* 1.json in Resources */ = {isa = PBXBuildFile; fileRef = 3B7713C625A0804A00638D78 /* 1.json */; };
		3B7713CC25A0804B00638D78 /* 3.json in Resources */ = {isa = PBXBuildFile; fileRef = 3B7713C725A0804B00638D78 /* 3.json */; };
		3B7713CD25A0804B00638D78 /* 2.json in Resources */ = {isa = PBXBuildFile; fileRef = 3B7713C825A0804B00638D78 /* 2.json */; };
		3B7713CE25A0804B00638D78 /* 4.json in Resources */ = {isa = PBXBuildFile; fileRef = 3B7713C925A0804B00638D78 /* 4.json */; };
		3B7713D925A1F6E800638D78 /* IntroViewController.swift in Sources */ = {isa = PBXBuildFile; fileRef = 3B7713D825A1F6E800638D78 /* IntroViewController.swift */; };
		3BA564DA25A4871800D376B3 /* LoginMovieViewController.swift in Sources */ = {isa = PBXBuildFile; fileRef = 3BA564D925A4871800D376B3 /* LoginMovieViewController.swift */; };
		3BB1532625A73855008456D1 /* Page1TableViewController.swift in Sources */ = {isa = PBXBuildFile; fileRef = 3BB1532525A73855008456D1 /* Page1TableViewController.swift */; };
		3BB1532925A73D0B008456D1 /* NewsItems.swift in Sources */ = {isa = PBXBuildFile; fileRef = 3BB1532825A73D0B008456D1 /* NewsItems.swift */; };
		FF1C03A24E354F071CB49DB6 /* Pods_Swift5IntroApp1.framework in Frameworks */ = {isa = PBXBuildFile; fileRef = 5AF1FECE92529CDBE6C87932 /* Pods_Swift5IntroApp1.framework */; };
/* End PBXBuildFile section */

/* Begin PBXFileReference section */
		25BC0A0194C834F3543DE3A1 /* Pods-Swift5IntroApp1.debug.xcconfig */ = {isa = PBXFileReference; includeInIndex = 1; lastKnownFileType = text.xcconfig; name = "Pods-Swift5IntroApp1.debug.xcconfig"; path = "Target Support Files/Pods-Swift5IntroApp1/Pods-Swift5IntroApp1.debug.xcconfig"; sourceTree = "<group>"; };
		3B1C60E725AC55C2008BAF90 /* WebViewController.swift */ = {isa = PBXFileReference; lastKnownFileType = sourcecode.swift; path = WebViewController.swift; sourceTree = "<group>"; };
		3B1C60EA25ADE721008BAF90 /* Page2TableViewController.swift */ = {isa = PBXFileReference; lastKnownFileType = sourcecode.swift; path = Page2TableViewController.swift; sourceTree = "<group>"; };
		3B1C60ED25ADE76B008BAF90 /* Page3TableViewController.swift */ = {isa = PBXFileReference; lastKnownFileType = sourcecode.swift; path = Page3TableViewController.swift; sourceTree = "<group>"; };
		3B1C60F025ADE795008BAF90 /* Page4TableViewController.swift */ = {isa = PBXFileReference; lastKnownFileType = sourcecode.swift; path = Page4TableViewController.swift; sourceTree = "<group>"; };
		3B1C60F325ADE7AA008BAF90 /* Page5TableViewController.swift */ = {isa = PBXFileReference; lastKnownFileType = sourcecode.swift; path = Page5TableViewController.swift; sourceTree = "<group>"; };
		3B1C60F625ADE7FE008BAF90 /* Page6TableViewController.swift */ = {isa = PBXFileReference; lastKnownFileType = sourcecode.swift; path = Page6TableViewController.swift; sourceTree = "<group>"; };
		3B4C391325A48E0C00175B23 /* start.mov */ = {isa = PBXFileReference; lastKnownFileType = video.quicktime; path = start.mov; sourceTree = "<group>"; };
		3B4C391625A48F9F00175B23 /* BaseViewController.swift */ = {isa = PBXFileReference; lastKnownFileType = sourcecode.swift; path = BaseViewController.swift; sourceTree = "<group>"; };
		3B7713A825A042D400638D78 /* Swift5IntroApp1.app */ = {isa = PBXFileReference; explicitFileType = wrapper.application; includeInIndex = 0; path = Swift5IntroApp1.app; sourceTree = BUILT_PRODUCTS_DIR; };
		3B7713AB25A042D400638D78 /* AppDelegate.swift */ = {isa = PBXFileReference; lastKnownFileType = sourcecode.swift; path = AppDelegate.swift; sourceTree = "<group>"; };
		3B7713AD25A042D400638D78 /* SceneDelegate.swift */ = {isa = PBXFileReference; lastKnownFileType = sourcecode.swift; path = SceneDelegate.swift; sourceTree = "<group>"; };
		3B7713B225A042D400638D78 /* Base */ = {isa = PBXFileReference; lastKnownFileType = file.storyboard; name = Base; path = Base.lproj/Main.storyboard; sourceTree = "<group>"; };
		3B7713B425A042D700638D78 /* Assets.xcassets */ = {isa = PBXFileReference; lastKnownFileType = folder.assetcatalog; path = Assets.xcassets; sourceTree = "<group>"; };
		3B7713B725A042D700638D78 /* Base */ = {isa = PBXFileReference; lastKnownFileType = file.storyboard; name = Base; path = Base.lproj/LaunchScreen.storyboard; sourceTree = "<group>"; };
		3B7713B925A042D700638D78 /* Info.plist */ = {isa = PBXFileReference; lastKnownFileType = text.plist.xml; path = Info.plist; sourceTree = "<group>"; };
		3B7713C525A0804A00638D78 /* 5.json */ = {isa = PBXFileReference; fileEncoding = 4; lastKnownFileType = text.json; path = 5.json; sourceTree = "<group>"; };
		3B7713C625A0804A00638D78 /* 1.json */ = {isa = PBXFileReference; fileEncoding = 4; lastKnownFileType = text.json; path = 1.json; sourceTree = "<group>"; };
		3B7713C725A0804B00638D78 /* 3.json */ = {isa = PBXFileReference; fileEncoding = 4; lastKnownFileType = text.json; path = 3.json; sourceTree = "<group>"; };
		3B7713C825A0804B00638D78 /* 2.json */ = {isa = PBXFileReference; fileEncoding = 4; lastKnownFileType = text.json; path = 2.json; sourceTree = "<group>"; };
		3B7713C925A0804B00638D78 /* 4.json */ = {isa = PBXFileReference; fileEncoding = 4; lastKnownFileType = text.json; path = 4.json; sourceTree = "<group>"; };
		3B7713D825A1F6E800638D78 /* IntroViewController.swift */ = {isa = PBXFileReference; lastKnownFileType = sourcecode.swift; path = IntroViewController.swift; sourceTree = "<group>"; };
		3BA564D925A4871800D376B3 /* LoginMovieViewController.swift */ = {isa = PBXFileReference; lastKnownFileType = sourcecode.swift; path = LoginMovieViewController.swift; sourceTree = "<group>"; };
		3BB1532525A73855008456D1 /* Page1TableViewController.swift */ = {isa = PBXFileReference; lastKnownFileType = sourcecode.swift; path = Page1TableViewController.swift; sourceTree = "<group>"; };
		3BB1532825A73D0B008456D1 /* NewsItems.swift */ = {isa = PBXFileReference; lastKnownFileType = sourcecode.swift; path = NewsItems.swift; sourceTree = "<group>"; };
		5AF1FECE92529CDBE6C87932 /* Pods_Swift5IntroApp1.framework */ = {isa = PBXFileReference; explicitFileType = wrapper.framework; includeInIndex = 0; path = Pods_Swift5IntroApp1.framework; sourceTree = BUILT_PRODUCTS_DIR; };
		955FB6BDDD73D07F8A1ECF6B /* Pods-Swift5IntroApp1.release.xcconfig */ = {isa = PBXFileReference; includeInIndex = 1; lastKnownFileType = text.xcconfig; name = "Pods-Swift5IntroApp1.release.xcconfig"; path = "Target Support Files/Pods-Swift5IntroApp1/Pods-Swift5IntroApp1.release.xcconfig"; sourceTree = "<group>"; };
/* End PBXFileReference section */

/* Begin PBXFrameworksBuildPhase section */
		3B7713A525A042D400638D78 /* Frameworks */ = {
			isa = PBXFrameworksBuildPhase;
			buildActionMask = 2147483647;
			files = (
				FF1C03A24E354F071CB49DB6 /* Pods_Swift5IntroApp1.framework in Frameworks */,
			);
			runOnlyForDeploymentPostprocessing = 0;
		};
/* End PBXFrameworksBuildPhase section */

/* Begin PBXGroup section */
		3B77139F25A042D400638D78 = {
			isa = PBXGroup;
			children = (
				3B7713AA25A042D400638D78 /* Swift5IntroApp1 */,
				3B7713A925A042D400638D78 /* Products */,
				477371A3F7FF4D53BB3B0292 /* Pods */,
				8221E87FBB85424032824848 /* Frameworks */,
			);
			sourceTree = "<group>";
		};
		3B7713A925A042D400638D78 /* Products */ = {
			isa = PBXGroup;
			children = (
				3B7713A825A042D400638D78 /* Swift5IntroApp1.app */,
			);
			name = Products;
			sourceTree = "<group>";
		};
		3B7713AA25A042D400638D78 /* Swift5IntroApp1 */ = {
			isa = PBXGroup;
			children = (
				3B7713C225A07FA900638D78 /* Model */,
				3B7713C125A07F9F00638D78 /* View */,
				3B7713C325A07FBC00638D78 /* Controller */,
				3B7713B925A042D700638D78 /* Info.plist */,
				3B7713C625A0804A00638D78 /* 1.json */,
				3B7713C825A0804B00638D78 /* 2.json */,
				3B7713C725A0804B00638D78 /* 3.json */,
				3B7713C925A0804B00638D78 /* 4.json */,
				3B7713C525A0804A00638D78 /* 5.json */,
				3B4C391325A48E0C00175B23 /* start.mov */,
			);
			path = Swift5IntroApp1;
			sourceTree = "<group>";
		};
		3B7713C125A07F9F00638D78 /* View */ = {
			isa = PBXGroup;
			children = (
				3B7713B425A042D700638D78 /* Assets.xcassets */,
				3B7713B625A042D700638D78 /* LaunchScreen.storyboard */,
				3B7713B125A042D400638D78 /* Main.storyboard */,
			);
			path = View;
			sourceTree = "<group>";
		};
		3B7713C225A07FA900638D78 /* Model */ = {
			isa = PBXGroup;
			children = (
				3BB1532825A73D0B008456D1 /* NewsItems.swift */,
			);
			path = Model;
			sourceTree = "<group>";
		};
		3B7713C325A07FBC00638D78 /* Controller */ = {
			isa = PBXGroup;
			children = (
				3B7713AB25A042D400638D78 /* AppDelegate.swift */,
				3BB1532525A73855008456D1 /* Page1TableViewController.swift */,
				3B1C60EA25ADE721008BAF90 /* Page2TableViewController.swift */,
				3B1C60ED25ADE76B008BAF90 /* Page3TableViewController.swift */,
				3B1C60F025ADE795008BAF90 /* Page4TableViewController.swift */,
				3B1C60F325ADE7AA008BAF90 /* Page5TableViewController.swift */,
				3B1C60F625ADE7FE008BAF90 /* Page6TableViewController.swift */,
				3B1C60E725AC55C2008BAF90 /* WebViewController.swift */,
				3B7713D825A1F6E800638D78 /* IntroViewController.swift */,
				3B4C391625A48F9F00175B23 /* BaseViewController.swift */,
				3B7713AD25A042D400638D78 /* SceneDelegate.swift */,
				3BA564D925A4871800D376B3 /* LoginMovieViewController.swift */,
			);
			path = Controller;
			sourceTree = "<group>";
		};
		477371A3F7FF4D53BB3B0292 /* Pods */ = {
			isa = PBXGroup;
			children = (
				25BC0A0194C834F3543DE3A1 /* Pods-Swift5IntroApp1.debug.xcconfig */,
				955FB6BDDD73D07F8A1ECF6B /* Pods-Swift5IntroApp1.release.xcconfig */,
			);
			path = Pods;
			sourceTree = "<group>";
		};
		8221E87FBB85424032824848 /* Frameworks */ = {
			isa = PBXGroup;
			children = (
				5AF1FECE92529CDBE6C87932 /* Pods_Swift5IntroApp1.framework */,
			);
			name = Frameworks;
			sourceTree = "<group>";
		};
/* End PBXGroup section */

/* Begin PBXNativeTarget section */
		3B7713A725A042D400638D78 /* Swift5IntroApp1 */ = {
			isa = PBXNativeTarget;
			buildConfigurationList = 3B7713BC25A042D700638D78 /* Build configuration list for PBXNativeTarget "Swift5IntroApp1" */;
			buildPhases = (
				29A4FD7563418ED03DDB8A89 /* [CP] Check Pods Manifest.lock */,
				3B7713A425A042D400638D78 /* Sources */,
				3B7713A525A042D400638D78 /* Frameworks */,
				3B7713A625A042D400638D78 /* Resources */,
				78B2251401C79E4AD2054948 /* [CP] Embed Pods Frameworks */,
			);
			buildRules = (
			);
			dependencies = (
			);
			name = Swift5IntroApp1;
			productName = Swift5IntroApp1;
			productReference = 3B7713A825A042D400638D78 /* Swift5IntroApp1.app */;
			productType = "com.apple.product-type.application";
		};
/* End PBXNativeTarget section */

/* Begin PBXProject section */
		3B7713A025A042D400638D78 /* Project object */ = {
			isa = PBXProject;
			attributes = {
				LastSwiftUpdateCheck = 1210;
				LastUpgradeCheck = 1210;
				TargetAttributes = {
					3B7713A725A042D400638D78 = {
						CreatedOnToolsVersion = 12.1;
					};
				};
			};
			buildConfigurationList = 3B7713A325A042D400638D78 /* Build configuration list for PBXProject "Swift5IntroApp1" */;
			compatibilityVersion = "Xcode 9.3";
			developmentRegion = en;
			hasScannedForEncodings = 0;
			knownRegions = (
				en,
				Base,
			);
			mainGroup = 3B77139F25A042D400638D78;
			productRefGroup = 3B7713A925A042D400638D78 /* Products */;
			projectDirPath = "";
			projectRoot = "";
			targets = (
				3B7713A725A042D400638D78 /* Swift5IntroApp1 */,
			);
		};
/* End PBXProject section */

/* Begin PBXResourcesBuildPhase section */
		3B7713A625A042D400638D78 /* Resources */ = {
			isa = PBXResourcesBuildPhase;
			buildActionMask = 2147483647;
			files = (
				3B7713CB25A0804B00638D78 /* 1.json in Resources */,
				3B4C391425A48E0C00175B23 /* start.mov in Resources */,
				3B7713B825A042D700638D78 /* LaunchScreen.storyboard in Resources */,
				3B7713CE25A0804B00638D78 /* 4.json in Resources */,
				3B7713B525A042D700638D78 /* Assets.xcassets in Resources */,
				3B7713CC25A0804B00638D78 /* 3.json in Resources */,
				3B7713CD25A0804B00638D78 /* 2.json in Resources */,
				3B7713B325A042D400638D78 /* Main.storyboard in Resources */,
				3B7713CA25A0804B00638D78 /* 5.json in Resources */,
			);
			runOnlyForDeploymentPostprocessing = 0;
		};
/* End PBXResourcesBuildPhase section */

/* Begin PBXShellScriptBuildPhase section */
		29A4FD7563418ED03DDB8A89 /* [CP] Check Pods Manifest.lock */ = {
			isa = PBXShellScriptBuildPhase;
			buildActionMask = 2147483647;
			files = (
			);
			inputFileListPaths = (
			);
			inputPaths = (
				"${PODS_PODFILE_DIR_PATH}/Podfile.lock",
				"${PODS_ROOT}/Manifest.lock",
			);
			name = "[CP] Check Pods Manifest.lock";
			outputFileListPaths = (
			);
			outputPaths = (
				"$(DERIVED_FILE_DIR)/Pods-Swift5IntroApp1-checkManifestLockResult.txt",
			);
			runOnlyForDeploymentPostprocessing = 0;
			shellPath = /bin/sh;
			shellScript = "diff \"${PODS_PODFILE_DIR_PATH}/Podfile.lock\" \"${PODS_ROOT}/Manifest.lock\" > /dev/null\nif [ $? != 0 ] ; then\n    # print error to STDERR\n    echo \"error: The sandbox is not in sync with the Podfile.lock. Run 'pod install' or update your CocoaPods installation.\" >&2\n    exit 1\nfi\n# This output is used by Xcode 'outputs' to avoid re-running this script phase.\necho \"SUCCESS\" > \"${SCRIPT_OUTPUT_FILE_0}\"\n";
			showEnvVarsInLog = 0;
		};
		78B2251401C79E4AD2054948 /* [CP] Embed Pods Frameworks */ = {
			isa = PBXShellScriptBuildPhase;
			buildActionMask = 2147483647;
			files = (
			);
			inputFileListPaths = (
				"${PODS_ROOT}/Target Support Files/Pods-Swift5IntroApp1/Pods-Swift5IntroApp1-frameworks-${CONFIGURATION}-input-files.xcfilelist",
			);
			name = "[CP] Embed Pods Frameworks";
			outputFileListPaths = (
				"${PODS_ROOT}/Target Support Files/Pods-Swift5IntroApp1/Pods-Swift5IntroApp1-frameworks-${CONFIGURATION}-output-files.xcfilelist",
			);
			runOnlyForDeploymentPostprocessing = 0;
			shellPath = /bin/sh;
			shellScript = "\"${PODS_ROOT}/Target Support Files/Pods-Swift5IntroApp1/Pods-Swift5IntroApp1-frameworks.sh\"\n";
			showEnvVarsInLog = 0;
		};
/* End PBXShellScriptBuildPhase section */

/* Begin PBXSourcesBuildPhase section */
		3B7713A425A042D400638D78 /* Sources */ = {
			isa = PBXSourcesBuildPhase;
			buildActionMask = 2147483647;
			files = (
				3B4C391725A48F9F00175B23 /* BaseViewController.swift in Sources */,
				3BB1532925A73D0B008456D1 /* NewsItems.swift in Sources */,
				3B1C60F425ADE7AA008BAF90 /* Page5TableViewController.swift in Sources */,
				3B1C60EB25ADE721008BAF90 /* Page2TableViewController.swift in Sources */,
				3B7713D925A1F6E800638D78 /* IntroViewController.swift in Sources */,
				3BB1532625A73855008456D1 /* Page1TableViewController.swift in Sources */,
				3BA564DA25A4871800D376B3 /* LoginMovieViewController.swift in Sources */,
				3B7713AC25A042D400638D78 /* AppDelegate.swift in Sources */,
				3B1C60F125ADE795008BAF90 /* Page4TableViewController.swift in Sources */,
				3B7713AE25A042D400638D78 /* SceneDelegate.swift in Sources */,
				3B1C60F725ADE7FE008BAF90 /* Page6TableViewController.swift in Sources */,
				3B1C60EE25ADE76B008BAF90 /* Page3TableViewController.swift in Sources */,
				3B1C60E825AC55C2008BAF90 /* WebViewController.swift in Sources */,
			);
			runOnlyForDeploymentPostprocessing = 0;
		};
/* End PBXSourcesBuildPhase section */

/* Begin PBXVariantGroup section */
		3B7713B125A042D400638D78 /* Main.storyboard */ = {
			isa = PBXVariantGroup;
			children = (
				3B7713B225A042D400638D78 /* Base */,
			);
			name = Main.storyboard;
			sourceTree = "<group>";
		};
		3B7713B625A042D700638D78 /* LaunchScreen.storyboard */ = {
			isa = PBXVariantGroup;
			children = (
				3B7713B725A042D700638D78 /* Base */,
			);
			name = LaunchScreen.storyboard;
			sourceTree = "<group>";
		};
/* End PBXVariantGroup section */

/* Begin XCBuildConfiguration section */
		3B7713BA25A042D700638D78 /* Debug */ = {
			isa = XCBuildConfiguration;
			buildSettings = {
				ALWAYS_SEARCH_USER_PATHS = NO;
				CLANG_ANALYZER_NONNULL = YES;
				CLANG_ANALYZER_NUMBER_OBJECT_CONVERSION = YES_AGGRESSIVE;
				CLANG_CXX_LANGUAGE_STANDARD = "gnu++14";
				CLANG_CXX_LIBRARY = "libc++";
				CLANG_ENABLE_MODULES = YES;
				CLANG_ENABLE_OBJC_ARC = YES;
				CLANG_ENABLE_OBJC_WEAK = YES;
				CLANG_WARN_BLOCK_CAPTURE_AUTORELEASING = YES;
				CLANG_WARN_BOOL_CONVERSION = YES;
				CLANG_WARN_COMMA = YES;
				CLANG_WARN_CONSTANT_CONVERSION = YES;
				CLANG_WARN_DEPRECATED_OBJC_IMPLEMENTATIONS = YES;
				CLANG_WARN_DIRECT_OBJC_ISA_USAGE = YES_ERROR;
				CLANG_WARN_DOCUMENTATION_COMMENTS = YES;
				CLANG_WARN_EMPTY_BODY = YES;
				CLANG_WARN_ENUM_CONVERSION = YES;
				CLANG_WARN_INFINITE_RECURSION = YES;
				CLANG_WARN_INT_CONVERSION = YES;
				CLANG_WARN_NON_LITERAL_NULL_CONVERSION = YES;
				CLANG_WARN_OBJC_IMPLICIT_RETAIN_SELF = YES;
				CLANG_WARN_OBJC_LITERAL_CONVERSION = YES;
				CLANG_WARN_OBJC_ROOT_CLASS = YES_ERROR;
				CLANG_WARN_QUOTED_INCLUDE_IN_FRAMEWORK_HEADER = YES;
				CLANG_WARN_RANGE_LOOP_ANALYSIS = YES;
				CLANG_WARN_STRICT_PROTOTYPES = YES;
				CLANG_WARN_SUSPICIOUS_MOVE = YES;
				CLANG_WARN_UNGUARDED_AVAILABILITY = YES_AGGRESSIVE;
				CLANG_WARN_UNREACHABLE_CODE = YES;
				CLANG_WARN__DUPLICATE_METHOD_MATCH = YES;
				COPY_PHASE_STRIP = NO;
				DEBUG_INFORMATION_FORMAT = dwarf;
				ENABLE_STRICT_OBJC_MSGSEND = YES;
				ENABLE_TESTABILITY = YES;
				GCC_C_LANGUAGE_STANDARD = gnu11;
				GCC_DYNAMIC_NO_PIC = NO;
				GCC_NO_COMMON_BLOCKS = YES;
				GCC_OPTIMIZATION_LEVEL = 0;
				GCC_PREPROCESSOR_DEFINITIONS = (
					"DEBUG=1",
					"$(inherited)",
				);
				GCC_WARN_64_TO_32_BIT_CONVERSION = YES;
				GCC_WARN_ABOUT_RETURN_TYPE = YES_ERROR;
				GCC_WARN_UNDECLARED_SELECTOR = YES;
				GCC_WARN_UNINITIALIZED_AUTOS = YES_AGGRESSIVE;
				GCC_WARN_UNUSED_FUNCTION = YES;
				GCC_WARN_UNUSED_VARIABLE = YES;
				IPHONEOS_DEPLOYMENT_TARGET = 14.1;
				MTL_ENABLE_DEBUG_INFO = INCLUDE_SOURCE;
				MTL_FAST_MATH = YES;
				ONLY_ACTIVE_ARCH = YES;
				SDKROOT = iphoneos;
				SWIFT_ACTIVE_COMPILATION_CONDITIONS = DEBUG;
				SWIFT_OPTIMIZATION_LEVEL = "-Onone";
			};
			name = Debug;
		};
		3B7713BB25A042D700638D78 /* Release */ = {
			isa = XCBuildConfiguration;
			buildSettings = {
				ALWAYS_SEARCH_USER_PATHS = NO;
				CLANG_ANALYZER_NONNULL = YES;
				CLANG_ANALYZER_NUMBER_OBJECT_CONVERSION = YES_AGGRESSIVE;
				CLANG_CXX_LANGUAGE_STANDARD = "gnu++14";
				CLANG_CXX_LIBRARY = "libc++";
				CLANG_ENABLE_MODULES = YES;
				CLANG_ENABLE_OBJC_ARC = YES;
				CLANG_ENABLE_OBJC_WEAK = YES;
				CLANG_WARN_BLOCK_CAPTURE_AUTORELEASING = YES;
				CLANG_WARN_BOOL_CONVERSION = YES;
				CLANG_WARN_COMMA = YES;
				CLANG_WARN_CONSTANT_CONVERSION = YES;
				CLANG_WARN_DEPRECATED_OBJC_IMPLEMENTATIONS = YES;
				CLANG_WARN_DIRECT_OBJC_ISA_USAGE = YES_ERROR;
				CLANG_WARN_DOCUMENTATION_COMMENTS = YES;
				CLANG_WARN_EMPTY_BODY = YES;
				CLANG_WARN_ENUM_CONVERSION = YES;
				CLANG_WARN_INFINITE_RECURSION = YES;
				CLANG_WARN_INT_CONVERSION = YES;
				CLANG_WARN_NON_LITERAL_NULL_CONVERSION = YES;
				CLANG_WARN_OBJC_IMPLICIT_RETAIN_SELF = YES;
				CLANG_WARN_OBJC_LITERAL_CONVERSION = YES;
				CLANG_WARN_OBJC_ROOT_CLASS = YES_ERROR;
				CLANG_WARN_QUOTED_INCLUDE_IN_FRAMEWORK_HEADER = YES;
				CLANG_WARN_RANGE_LOOP_ANALYSIS = YES;
				CLANG_WARN_STRICT_PROTOTYPES = YES;
				CLANG_WARN_SUSPICIOUS_MOVE = YES;
				CLANG_WARN_UNGUARDED_AVAILABILITY = YES_AGGRESSIVE;
				CLANG_WARN_UNREACHABLE_CODE = YES;
				CLANG_WARN__DUPLICATE_METHOD_MATCH = YES;
				COPY_PHASE_STRIP = NO;
				DEBUG_INFORMATION_FORMAT = "dwarf-with-dsym";
				ENABLE_NS_ASSERTIONS = NO;
				ENABLE_STRICT_OBJC_MSGSEND = YES;
				GCC_C_LANGUAGE_STANDARD = gnu11;
				GCC_NO_COMMON_BLOCKS = YES;
				GCC_WARN_64_TO_32_BIT_CONVERSION = YES;
				GCC_WARN_ABOUT_RETURN_TYPE = YES_ERROR;
				GCC_WARN_UNDECLARED_SELECTOR = YES;
				GCC_WARN_UNINITIALIZED_AUTOS = YES_AGGRESSIVE;
				GCC_WARN_UNUSED_FUNCTION = YES;
				GCC_WARN_UNUSED_VARIABLE = YES;
				IPHONEOS_DEPLOYMENT_TARGET = 14.1;
				MTL_ENABLE_DEBUG_INFO = NO;
				MTL_FAST_MATH = YES;
				SDKROOT = iphoneos;
				SWIFT_COMPILATION_MODE = wholemodule;
				SWIFT_OPTIMIZATION_LEVEL = "-O";
				VALIDATE_PRODUCT = YES;
			};
			name = Release;
		};
		3B7713BD25A042D700638D78 /* Debug */ = {
			isa = XCBuildConfiguration;
			baseConfigurationReference = 25BC0A0194C834F3543DE3A1 /* Pods-Swift5IntroApp1.debug.xcconfig */;
			buildSettings = {
				ASSETCATALOG_COMPILER_APPICON_NAME = AppIcon;
				ASSETCATALOG_COMPILER_GLOBAL_ACCENT_COLOR_NAME = AccentColor;
				CODE_SIGN_STYLE = Automatic;
				DEVELOPMENT_TEAM = MZS6GWM7ZN;
				INFOPLIST_FILE = Swift5IntroApp1/Info.plist;
				LD_RUNPATH_SEARCH_PATHS = (
					"$(inherited)",
					"@executable_path/Frameworks",
				);
				PRODUCT_BUNDLE_IDENTIFIER = com.antk.Swift5IntroApp1;
				PRODUCT_NAME = "$(TARGET_NAME)";
				SWIFT_VERSION = 5.0;
				TARGETED_DEVICE_FAMILY = 1;
			};
			name = Debug;
		};
		3B7713BE25A042D700638D78 /* Release */ = {
			isa = XCBuildConfiguration;
			baseConfigurationReference = 955FB6BDDD73D07F8A1ECF6B /* Pods-Swift5IntroApp1.release.xcconfig */;
			buildSettings = {
				ASSETCATALOG_COMPILER_APPICON_NAME = AppIcon;
				ASSETCATALOG_COMPILER_GLOBAL_ACCENT_COLOR_NAME = AccentColor;
				CODE_SIGN_STYLE = Automatic;
				DEVELOPMENT_TEAM = MZS6GWM7ZN;
				INFOPLIST_FILE = Swift5IntroApp1/Info.plist;
				LD_RUNPATH_SEARCH_PATHS = (
					"$(inherited)",
					"@executable_path/Frameworks",
				);
				PRODUCT_BUNDLE_IDENTIFIER = com.antk.Swift5IntroApp1;
				PRODUCT_NAME = "$(TARGET_NAME)";
				SWIFT_VERSION = 5.0;
				TARGETED_DEVICE_FAMILY = 1;
			};
			name = Release;
		};
/* End XCBuildConfiguration section */

/* Begin XCConfigurationList section */
		3B7713A325A042D400638D78 /* Build configuration list for PBXProject "Swift5IntroApp1" */ = {
			isa = XCConfigurationList;
			buildConfigurations = (
				3B7713BA25A042D700638D78 /* Debug */,
				3B7713BB25A042D700638D78 /* Release */,
			);
			defaultConfigurationIsVisible = 0;
			defaultConfigurationName = Release;
		};
		3B7713BC25A042D700638D78 /* Build configuration list for PBXNativeTarget "Swift5IntroApp1" */ = {
			isa = XCConfigurationList;
			buildConfigurations = (
				3B7713BD25A042D700638D78 /* Debug */,
				3B7713BE25A042D700638D78 /* Release */,
			);
			defaultConfigurationIsVisible = 0;
			defaultConfigurationName = Release;
		};
/* End XCConfigurationList section */
	};
	rootObject = 3B7713A025A042D400638D78 /* Project object */;
}
